
Microsoft Visual Studio Solution File, Format Version 12.00
# Visual Studio Version 17
VisualStudioVersion = 17.11.35312.102
MinimumVisualStudioVersion = 10.0.40219.1
Project("{FAE04EC0-301F-11D3-BF4B-00C04F79EFBC}") = "Assignment1oct", "Assignment1oct.csproj", "{08BD5AFC-84FE-4263-819A-22B8EFFEDFFB}"
EndProject
Global
	GlobalSection(SolutionConfigurationPlatforms) = preSolution
		Debug|Any CPU = Debug|Any CPU
		Release|Any CPU = Release|Any CPU
	EndGlobalSection
	GlobalSection(ProjectConfigurationPlatforms) = postSolution
		{08BD5AFC-84FE-4263-819A-22B8EFFEDFFB}.Debug|Any CPU.ActiveCfg = Debug|Any CPU
		{08BD5AFC-84FE-4263-819A-22B8EFFEDFFB}.Debug|Any CPU.Build.0 = Debug|Any CPU
		{08BD5AFC-84FE-4263-819A-22B8EFFEDFFB}.Release|Any CPU.ActiveCfg = Release|Any CPU
		{08BD5AFC-84FE-4263-819A-22B8EFFEDFFB}.Release|Any CPU.Build.0 = Release|Any CPU
	EndGlobalSection
	GlobalSection(SolutionProperties) = preSolution
		HideSolutionNode = FALSE
	EndGlobalSection
	GlobalSection(ExtensibilityGlobals) = postSolution
		SolutionGuid = {957BBAC5-5B76-42A8-AB42-04B9224E9D7B}
	EndGlobalSection
EndGlobal
